
Microsoft Visual Studio Solution File, Format Version 12.00
# Visual Studio 2012
Project("{8BC9CEB8-8B4A-11D0-8D11-00A0C91BC942}") = "InlineFunction", "InlineFunction\InlineFunction.vcxproj", "{498ADAB8-5003-4222-AD22-9CECC8C569A9}"
EndProject
Project("{8BC9CEB8-8B4A-11D0-8D11-00A0C91BC942}") = "DefaultArgument", "DefaultArgument\DefaultArgument.vcxproj", "{8E1952FF-9EDE-40B2-8222-0D51D39C094F}"
EndProject
Project("{8BC9CEB8-8B4A-11D0-8D11-00A0C91BC942}") = "OperatorOverloading", "OperatorOverloading\OperatorOverloading.vcxproj", "{17ADF817-8507-44EE-B345-DD89437128EF}"
EndProject
Project("{8BC9CEB8-8B4A-11D0-8D11-00A0C91BC942}") = "DataConversion", "DataConversion\DataConversion.vcxproj", "{7A704468-02C7-4EBD-AE75-AD49AA3D63CD}"
EndProject
Project("{8BC9CEB8-8B4A-11D0-8D11-00A0C91BC942}") = "Inheritance", "Inheritance\Inheritance.vcxproj", "{14CCD593-2F73-4C50-80B2-1F4102BAB454}"
EndProject
Global
	GlobalSection(SolutionConfigurationPlatforms) = preSolution
		Debug|Win32 = Debug|Win32
		Release|Win32 = Release|Win32
	EndGlobalSection
	GlobalSection(ProjectConfigurationPlatforms) = postSolution
		{498ADAB8-5003-4222-AD22-9CECC8C569A9}.Debug|Win32.ActiveCfg = Debug|Win32
		{498ADAB8-5003-4222-AD22-9CECC8C569A9}.Debug|Win32.Build.0 = Debug|Win32
		{498ADAB8-5003-4222-AD22-9CECC8C569A9}.Release|Win32.ActiveCfg = Release|Win32
		{498ADAB8-5003-4222-AD22-9CECC8C569A9}.Release|Win32.Build.0 = Release|Win32
		{8E1952FF-9EDE-40B2-8222-0D51D39C094F}.Debug|Win32.ActiveCfg = Debug|Win32
		{8E1952FF-9EDE-40B2-8222-0D51D39C094F}.Debug|Win32.Build.0 = Debug|Win32
		{8E1952FF-9EDE-40B2-8222-0D51D39C094F}.Release|Win32.ActiveCfg = Release|Win32
		{8E1952FF-9EDE-40B2-8222-0D51D39C094F}.Release|Win32.Build.0 = Release|Win32
		{17ADF817-8507-44EE-B345-DD89437128EF}.Debug|Win32.ActiveCfg = Debug|Win32
		{17ADF817-8507-44EE-B345-DD89437128EF}.Debug|Win32.Build.0 = Debug|Win32
		{17ADF817-8507-44EE-B345-DD89437128EF}.Release|Win32.ActiveCfg = Release|Win32
		{17ADF817-8507-44EE-B345-DD89437128EF}.Release|Win32.Build.0 = Release|Win32
		{7A704468-02C7-4EBD-AE75-AD49AA3D63CD}.Debug|Win32.ActiveCfg = Debug|Win32
		{7A704468-02C7-4EBD-AE75-AD49AA3D63CD}.Debug|Win32.Build.0 = Debug|Win32
		{7A704468-02C7-4EBD-AE75-AD49AA3D63CD}.Release|Win32.ActiveCfg = Release|Win32
		{7A704468-02C7-4EBD-AE75-AD49AA3D63CD}.Release|Win32.Build.0 = Release|Win32
		{14CCD593-2F73-4C50-80B2-1F4102BAB454}.Debug|Win32.ActiveCfg = Debug|Win32
		{14CCD593-2F73-4C50-80B2-1F4102BAB454}.Debug|Win32.Build.0 = Debug|Win32
		{14CCD593-2F73-4C50-80B2-1F4102BAB454}.Release|Win32.ActiveCfg = Release|Win32
		{14CCD593-2F73-4C50-80B2-1F4102BAB454}.Release|Win32.Build.0 = Release|Win32
	EndGlobalSection
	GlobalSection(SolutionProperties) = preSolution
		HideSolutionNode = FALSE
	EndGlobalSection
EndGlobal
